// !$*UTF8*$!
{
	archiveVersion = 1;
	classes = {
	};
	objectVersion = 55;
	objects = {

/* Begin PBXBuildFile section */
		3F10975A2881A2FC00B34860 /* blendShapeViewController.swift in Sources */ = {isa = PBXBuildFile; fileRef = 3F1097592881A2FC00B34860 /* blendShapeViewController.swift */; };
		3F10975C2881A30C00B34860 /* blendShapeDataViewController.swift in Sources */ = {isa = PBXBuildFile; fileRef = 3F10975B2881A30C00B34860 /* blendShapeDataViewController.swift */; };
		3F6D9C7E28FBCE5500B363A5 /* AsteriskViewController.swift in Sources */ = {isa = PBXBuildFile; fileRef = 3F6D9C7D28FBCE5500B363A5 /* AsteriskViewController.swift */; };
		3F6D9C8428FBD12A00B363A5 /* AsteriskDataViewController.swift in Sources */ = {isa = PBXBuildFile; fileRef = 3F6D9C8328FBD12A00B363A5 /* AsteriskDataViewController.swift */; };
		3F753B7F29239D81009A82A8 /* ComparisonResultsViewController.swift in Sources */ = {isa = PBXBuildFile; fileRef = 3F753B7E29239D81009A82A8 /* ComparisonResultsViewController.swift */; };
		3F8035AE2850986000D48ACD /* DataView.swift in Sources */ = {isa = PBXBuildFile; fileRef = 3F8035AD2850986000D48ACD /* DataView.swift */; };
		3FA01AD928192CB700365F14 /* AppDelegate.swift in Sources */ = {isa = PBXBuildFile; fileRef = 3FA01AD828192CB700365F14 /* AppDelegate.swift */; };
		3FA01ADB28192CB700365F14 /* SceneDelegate.swift in Sources */ = {isa = PBXBuildFile; fileRef = 3FA01ADA28192CB700365F14 /* SceneDelegate.swift */; };
		3FA01AE028192CB700365F14 /* Main.storyboard in Resources */ = {isa = PBXBuildFile; fileRef = 3FA01ADE28192CB700365F14 /* Main.storyboard */; };
		3FA01AE228192CB900365F14 /* Assets.xcassets in Resources */ = {isa = PBXBuildFile; fileRef = 3FA01AE128192CB900365F14 /* Assets.xcassets */; };
		3FA01AE528192CB900365F14 /* LaunchScreen.storyboard in Resources */ = {isa = PBXBuildFile; fileRef = 3FA01AE328192CB900365F14 /* LaunchScreen.storyboard */; };
		3FA9947E28ED504D00F413F0 /* CNNEmotions.mlmodel in Sources */ = {isa = PBXBuildFile; fileRef = 3FA9947D28ED504D00F413F0 /* CNNEmotions.mlmodel */; };
		3FB46A492920074F00DD2D74 /* EmotionSelectViewController.swift in Sources */ = {isa = PBXBuildFile; fileRef = 3FB46A482920074F00DD2D74 /* EmotionSelectViewController.swift */; };
		3FCD433F2848E30100504722 /* AREmotionView.swift in Sources */ = {isa = PBXBuildFile; fileRef = 3FCD433E2848E30100504722 /* AREmotionView.swift */; };
		3FCD43412848E41200504722 /* MainMenuView.swift in Sources */ = {isa = PBXBuildFile; fileRef = 3FCD43402848E41200504722 /* MainMenuView.swift */; };
		3FCF7900288177860018A2CA /* CNNViewController.swift in Sources */ = {isa = PBXBuildFile; fileRef = 3FCF78FF288177860018A2CA /* CNNViewController.swift */; };
		3FCF7902288185590018A2CA /* CNNDataViewController.swift in Sources */ = {isa = PBXBuildFile; fileRef = 3FCF7901288185590018A2CA /* CNNDataViewController.swift */; };
		3FE0D320285C779000690B41 /* EmotionDetectionModel1.mlmodel in Sources */ = {isa = PBXBuildFile; fileRef = 3FE0D31F285C778F00690B41 /* EmotionDetectionModel1.mlmodel */; };
		3FE0D322285C9C6300690B41 /* EmotionModelV2.mlmodel in Sources */ = {isa = PBXBuildFile; fileRef = 3FE0D321285C9C6200690B41 /* EmotionModelV2.mlmodel */; };
/* End PBXBuildFile section */

/* Begin PBXFileReference section */
		3F1097592881A2FC00B34860 /* blendShapeViewController.swift */ = {isa = PBXFileReference; lastKnownFileType = sourcecode.swift; path = blendShapeViewController.swift; sourceTree = "<group>"; };
		3F10975B2881A30C00B34860 /* blendShapeDataViewController.swift */ = {isa = PBXFileReference; lastKnownFileType = sourcecode.swift; path = blendShapeDataViewController.swift; sourceTree = "<group>"; };
		3F6D9C7D28FBCE5500B363A5 /* AsteriskViewController.swift */ = {isa = PBXFileReference; lastKnownFileType = sourcecode.swift; path = AsteriskViewController.swift; sourceTree = "<group>"; };
		3F6D9C8328FBD12A00B363A5 /* AsteriskDataViewController.swift */ = {isa = PBXFileReference; lastKnownFileType = sourcecode.swift; path = AsteriskDataViewController.swift; sourceTree = "<group>"; };
		3F753B7E29239D81009A82A8 /* ComparisonResultsViewController.swift */ = {isa = PBXFileReference; lastKnownFileType = sourcecode.swift; path = ComparisonResultsViewController.swift; sourceTree = "<group>"; };
		3F8035AD2850986000D48ACD /* DataView.swift */ = {isa = PBXFileReference; lastKnownFileType = sourcecode.swift; path = DataView.swift; sourceTree = "<group>"; };
		3FA01AD528192CB700365F14 /* Asterisk.app */ = {isa = PBXFileReference; explicitFileType = wrapper.application; includeInIndex = 0; path = Asterisk.app; sourceTree = BUILT_PRODUCTS_DIR; };
		3FA01AD828192CB700365F14 /* AppDelegate.swift */ = {isa = PBXFileReference; lastKnownFileType = sourcecode.swift; path = AppDelegate.swift; sourceTree = "<group>"; };
		3FA01ADA28192CB700365F14 /* SceneDelegate.swift */ = {isa = PBXFileReference; lastKnownFileType = sourcecode.swift; path = SceneDelegate.swift; sourceTree = "<group>"; };
		3FA01ADF28192CB700365F14 /* Base */ = {isa = PBXFileReference; lastKnownFileType = file.storyboard; name = Base; path = Base.lproj/Main.storyboard; sourceTree = "<group>"; };
		3FA01AE128192CB900365F14 /* Assets.xcassets */ = {isa = PBXFileReference; lastKnownFileType = folder.assetcatalog; path = Assets.xcassets; sourceTree = "<group>"; };
		3FA01AE428192CB900365F14 /* Base */ = {isa = PBXFileReference; lastKnownFileType = file.storyboard; name = Base; path = Base.lproj/LaunchScreen.storyboard; sourceTree = "<group>"; };
		3FA01AE628192CB900365F14 /* Info.plist */ = {isa = PBXFileReference; lastKnownFileType = text.plist.xml; path = Info.plist; sourceTree = "<group>"; };
		3FA9947D28ED504D00F413F0 /* CNNEmotions.mlmodel */ = {isa = PBXFileReference; lastKnownFileType = file.mlmodel; name = CNNEmotions.mlmodel; path = "../../../../Core ML Dependencies/Models/CNNEmotions.mlmodel"; sourceTree = "<group>"; };
		3FB46A482920074F00DD2D74 /* EmotionSelectViewController.swift */ = {isa = PBXFileReference; lastKnownFileType = sourcecode.swift; path = EmotionSelectViewController.swift; sourceTree = "<group>"; };
		3FCD433E2848E30100504722 /* AREmotionView.swift */ = {isa = PBXFileReference; lastKnownFileType = sourcecode.swift; path = AREmotionView.swift; sourceTree = "<group>"; };
		3FCD43402848E41200504722 /* MainMenuView.swift */ = {isa = PBXFileReference; lastKnownFileType = sourcecode.swift; path = MainMenuView.swift; sourceTree = "<group>"; };
		3FCF78FF288177860018A2CA /* CNNViewController.swift */ = {isa = PBXFileReference; lastKnownFileType = sourcecode.swift; path = CNNViewController.swift; sourceTree = "<group>"; };
		3FCF7901288185590018A2CA /* CNNDataViewController.swift */ = {isa = PBXFileReference; lastKnownFileType = sourcecode.swift; path = CNNDataViewController.swift; sourceTree = "<group>"; };
		3FE0D31F285C778F00690B41 /* EmotionDetectionModel1.mlmodel */ = {isa = PBXFileReference; lastKnownFileType = file.mlmodel; path = EmotionDetectionModel1.mlmodel; sourceTree = "<group>"; };
		3FE0D321285C9C6200690B41 /* EmotionModelV2.mlmodel */ = {isa = PBXFileReference; lastKnownFileType = file.mlmodel; path = EmotionModelV2.mlmodel; sourceTree = "<group>"; };
/* End PBXFileReference section */

/* Begin PBXFrameworksBuildPhase section */
		3FA01AD228192CB700365F14 /* Frameworks */ = {
			isa = PBXFrameworksBuildPhase;
			buildActionMask = 2147483647;
			files = (
			);
			runOnlyForDeploymentPostprocessing = 0;
		};
/* End PBXFrameworksBuildPhase section */

/* Begin PBXGroup section */
		3F6D9C7F28FBCE5B00B363A5 /* Asterisk */ = {
			isa = PBXGroup;
			children = (
				3F6D9C7D28FBCE5500B363A5 /* AsteriskViewController.swift */,
				3F6D9C8328FBD12A00B363A5 /* AsteriskDataViewController.swift */,
				3FB46A482920074F00DD2D74 /* EmotionSelectViewController.swift */,
			);
			path = Asterisk;
			sourceTree = "<group>";
		};
		3F6D9C8028FBCE7400B363A5 /* Comparison */ = {
			isa = PBXGroup;
			children = (
				3FCD433E2848E30100504722 /* AREmotionView.swift */,
				3F8035AD2850986000D48ACD /* DataView.swift */,
				3F753B7E29239D81009A82A8 /* ComparisonResultsViewController.swift */,
			);
			path = Comparison;
			sourceTree = "<group>";
		};
		3F6D9C8128FBCE8300B363A5 /* CNN Emotion */ = {
			isa = PBXGroup;
			children = (
				3FCF78FF288177860018A2CA /* CNNViewController.swift */,
				3FCF7901288185590018A2CA /* CNNDataViewController.swift */,
			);
			path = "CNN Emotion";
			sourceTree = "<group>";
		};
		3F6D9C8228FBCE8E00B363A5 /* blendShapes */ = {
			isa = PBXGroup;
			children = (
				3F1097592881A2FC00B34860 /* blendShapeViewController.swift */,
				3F10975B2881A30C00B34860 /* blendShapeDataViewController.swift */,
			);
			path = blendShapes;
			sourceTree = "<group>";
		};
		3F882C1A2848C83100F71985 /* Controllers */ = {
			isa = PBXGroup;
			children = (
				3FCD43402848E41200504722 /* MainMenuView.swift */,
				3F6D9C8028FBCE7400B363A5 /* Comparison */,
				3F6D9C8128FBCE8300B363A5 /* CNN Emotion */,
				3F6D9C8228FBCE8E00B363A5 /* blendShapes */,
				3F6D9C7F28FBCE5B00B363A5 /* Asterisk */,
			);
			path = Controllers;
			sourceTree = "<group>";
		};
		3F882C1B2848C85100F71985 /* Views */ = {
			isa = PBXGroup;
			children = (
				3FA01ADE28192CB700365F14 /* Main.storyboard */,
			);
			path = Views;
			sourceTree = "<group>";
		};
		3F882C1C2848C86A00F71985 /* Models */ = {
			isa = PBXGroup;
			children = (
			);
			path = Models;
			sourceTree = "<group>";
		};
		3FA01ACC28192CB700365F14 = {
			isa = PBXGroup;
			children = (
				3FA01AD728192CB700365F14 /* Asterisk */,
				3FA01AD628192CB700365F14 /* Products */,
			);
			sourceTree = "<group>";
		};
		3FA01AD628192CB700365F14 /* Products */ = {
			isa = PBXGroup;
			children = (
				3FA01AD528192CB700365F14 /* Asterisk.app */,
			);
			name = Products;
			sourceTree = "<group>";
		};
		3FA01AD728192CB700365F14 /* Asterisk */ = {
			isa = PBXGroup;
			children = (
				3FA01AD828192CB700365F14 /* AppDelegate.swift */,
				3FA01ADA28192CB700365F14 /* SceneDelegate.swift */,
				3F882C1C2848C86A00F71985 /* Models */,
				3F882C1B2848C85100F71985 /* Views */,
				3F882C1A2848C83100F71985 /* Controllers */,
				3FA01AE128192CB900365F14 /* Assets.xcassets */,
				3FA01AE328192CB900365F14 /* LaunchScreen.storyboard */,
				3FA01AE628192CB900365F14 /* Info.plist */,
				3FE0D31F285C778F00690B41 /* EmotionDetectionModel1.mlmodel */,
				3FA9947D28ED504D00F413F0 /* CNNEmotions.mlmodel */,
				3FE0D321285C9C6200690B41 /* EmotionModelV2.mlmodel */,
			);
			path = Asterisk;
			sourceTree = "<group>";
		};
/* End PBXGroup section */

/* Begin PBXNativeTarget section */
		3FA01AD428192CB700365F14 /* Asterisk */ = {
			isa = PBXNativeTarget;
			buildConfigurationList = 3FA01AE928192CB900365F14 /* Build configuration list for PBXNativeTarget "Asterisk" */;
			buildPhases = (
				3FA01AD128192CB700365F14 /* Sources */,
				3FA01AD228192CB700365F14 /* Frameworks */,
				3FA01AD328192CB700365F14 /* Resources */,
			);
			buildRules = (
			);
			dependencies = (
			);
			name = Asterisk;
			productName = Asterisk;
			productReference = 3FA01AD528192CB700365F14 /* Asterisk.app */;
			productType = "com.apple.product-type.application";
		};
/* End PBXNativeTarget section */

/* Begin PBXProject section */
		3FA01ACD28192CB700365F14 /* Project object */ = {
			isa = PBXProject;
			attributes = {
				BuildIndependentTargetsInParallel = 1;
				LastSwiftUpdateCheck = 1330;
				LastUpgradeCheck = 1330;
				TargetAttributes = {
					3FA01AD428192CB700365F14 = {
						CreatedOnToolsVersion = 13.3.1;
					};
				};
			};
			buildConfigurationList = 3FA01AD028192CB700365F14 /* Build configuration list for PBXProject "Asterisk" */;
			compatibilityVersion = "Xcode 13.0";
			developmentRegion = en;
			hasScannedForEncodings = 0;
			knownRegions = (
				en,
				Base,
			);
			mainGroup = 3FA01ACC28192CB700365F14;
			productRefGroup = 3FA01AD628192CB700365F14 /* Products */;
			projectDirPath = "";
			projectRoot = "";
			targets = (
				3FA01AD428192CB700365F14 /* Asterisk */,
			);
		};
/* End PBXProject section */

/* Begin PBXResourcesBuildPhase section */
		3FA01AD328192CB700365F14 /* Resources */ = {
			isa = PBXResourcesBuildPhase;
			buildActionMask = 2147483647;
			files = (
				3FA01AE528192CB900365F14 /* LaunchScreen.storyboard in Resources */,
				3FA01AE228192CB900365F14 /* Assets.xcassets in Resources */,
				3FA01AE028192CB700365F14 /* Main.storyboard in Resources */,
			);
			runOnlyForDeploymentPostprocessing = 0;
		};
/* End PBXResourcesBuildPhase section */

/* Begin PBXSourcesBuildPhase section */
		3FA01AD128192CB700365F14 /* Sources */ = {
			isa = PBXSourcesBuildPhase;
			buildActionMask = 2147483647;
			files = (
				3F8035AE2850986000D48ACD /* DataView.swift in Sources */,
				3FCD433F2848E30100504722 /* AREmotionView.swift in Sources */,
				3FB46A492920074F00DD2D74 /* EmotionSelectViewController.swift in Sources */,
				3FCF7900288177860018A2CA /* CNNViewController.swift in Sources */,
				3FA9947E28ED504D00F413F0 /* CNNEmotions.mlmodel in Sources */,
				3FCD43412848E41200504722 /* MainMenuView.swift in Sources */,
				3F10975C2881A30C00B34860 /* blendShapeDataViewController.swift in Sources */,
				3FE0D322285C9C6300690B41 /* EmotionModelV2.mlmodel in Sources */,
				3FA01AD928192CB700365F14 /* AppDelegate.swift in Sources */,
				3FA01ADB28192CB700365F14 /* SceneDelegate.swift in Sources */,
				3FE0D320285C779000690B41 /* EmotionDetectionModel1.mlmodel in Sources */,
				3F6D9C8428FBD12A00B363A5 /* AsteriskDataViewController.swift in Sources */,
				3F753B7F29239D81009A82A8 /* ComparisonResultsViewController.swift in Sources */,
				3F6D9C7E28FBCE5500B363A5 /* AsteriskViewController.swift in Sources */,
				3F10975A2881A2FC00B34860 /* blendShapeViewController.swift in Sources */,
				3FCF7902288185590018A2CA /* CNNDataViewController.swift in Sources */,
			);
			runOnlyForDeploymentPostprocessing = 0;
		};
/* End PBXSourcesBuildPhase section */

/* Begin PBXVariantGroup section */
		3FA01ADE28192CB700365F14 /* Main.storyboard */ = {
			isa = PBXVariantGroup;
			children = (
				3FA01ADF28192CB700365F14 /* Base */,
			);
			name = Main.storyboard;
			sourceTree = "<group>";
		};
		3FA01AE328192CB900365F14 /* LaunchScreen.storyboard */ = {
			isa = PBXVariantGroup;
			children = (
				3FA01AE428192CB900365F14 /* Base */,
			);
			name = LaunchScreen.storyboard;
			sourceTree = "<group>";
		};
/* End PBXVariantGroup section */

/* Begin XCBuildConfiguration section */
		3FA01AE728192CB900365F14 /* Debug */ = {
			isa = XCBuildConfiguration;
			buildSettings = {
				ALWAYS_SEARCH_USER_PATHS = NO;
				CLANG_ANALYZER_NONNULL = YES;
				CLANG_ANALYZER_NUMBER_OBJECT_CONVERSION = YES_AGGRESSIVE;
				CLANG_CXX_LANGUAGE_STANDARD = "gnu++17";
				CLANG_ENABLE_MODULES = YES;
				CLANG_ENABLE_OBJC_ARC = YES;
				CLANG_ENABLE_OBJC_WEAK = YES;
				CLANG_WARN_BLOCK_CAPTURE_AUTORELEASING = YES;
				CLANG_WARN_BOOL_CONVERSION = YES;
				CLANG_WARN_COMMA = YES;
				CLANG_WARN_CONSTANT_CONVERSION = YES;
				CLANG_WARN_DEPRECATED_OBJC_IMPLEMENTATIONS = YES;
				CLANG_WARN_DIRECT_OBJC_ISA_USAGE = YES_ERROR;
				CLANG_WARN_DOCUMENTATION_COMMENTS = YES;
				CLANG_WARN_EMPTY_BODY = YES;
				CLANG_WARN_ENUM_CONVERSION = YES;
				CLANG_WARN_INFINITE_RECURSION = YES;
				CLANG_WARN_INT_CONVERSION = YES;
				CLANG_WARN_NON_LITERAL_NULL_CONVERSION = YES;
				CLANG_WARN_OBJC_IMPLICIT_RETAIN_SELF = YES;
				CLANG_WARN_OBJC_LITERAL_CONVERSION = YES;
				CLANG_WARN_OBJC_ROOT_CLASS = YES_ERROR;
				CLANG_WARN_QUOTED_INCLUDE_IN_FRAMEWORK_HEADER = YES;
				CLANG_WARN_RANGE_LOOP_ANALYSIS = YES;
				CLANG_WARN_STRICT_PROTOTYPES = YES;
				CLANG_WARN_SUSPICIOUS_MOVE = YES;
				CLANG_WARN_UNGUARDED_AVAILABILITY = YES_AGGRESSIVE;
				CLANG_WARN_UNREACHABLE_CODE = YES;
				CLANG_WARN__DUPLICATE_METHOD_MATCH = YES;
				COPY_PHASE_STRIP = NO;
				DEBUG_INFORMATION_FORMAT = dwarf;
				ENABLE_STRICT_OBJC_MSGSEND = YES;
				ENABLE_TESTABILITY = YES;
				GCC_C_LANGUAGE_STANDARD = gnu11;
				GCC_DYNAMIC_NO_PIC = NO;
				GCC_NO_COMMON_BLOCKS = YES;
				GCC_OPTIMIZATION_LEVEL = 0;
				GCC_PREPROCESSOR_DEFINITIONS = (
					"DEBUG=1",
					"$(inherited)",
				);
				GCC_WARN_64_TO_32_BIT_CONVERSION = YES;
				GCC_WARN_ABOUT_RETURN_TYPE = YES_ERROR;
				GCC_WARN_UNDECLARED_SELECTOR = YES;
				GCC_WARN_UNINITIALIZED_AUTOS = YES_AGGRESSIVE;
				GCC_WARN_UNUSED_FUNCTION = YES;
				GCC_WARN_UNUSED_VARIABLE = YES;
				IPHONEOS_DEPLOYMENT_TARGET = 15.4;
				MTL_ENABLE_DEBUG_INFO = INCLUDE_SOURCE;
				MTL_FAST_MATH = YES;
				ONLY_ACTIVE_ARCH = YES;
				SDKROOT = iphoneos;
				SWIFT_ACTIVE_COMPILATION_CONDITIONS = DEBUG;
				SWIFT_OPTIMIZATION_LEVEL = "-Onone";
			};
			name = Debug;
		};
		3FA01AE828192CB900365F14 /* Release */ = {
			isa = XCBuildConfiguration;
			buildSettings = {
				ALWAYS_SEARCH_USER_PATHS = NO;
				CLANG_ANALYZER_NONNULL = YES;
				CLANG_ANALYZER_NUMBER_OBJECT_CONVERSION = YES_AGGRESSIVE;
				CLANG_CXX_LANGUAGE_STANDARD = "gnu++17";
				CLANG_ENABLE_MODULES = YES;
				CLANG_ENABLE_OBJC_ARC = YES;
				CLANG_ENABLE_OBJC_WEAK = YES;
				CLANG_WARN_BLOCK_CAPTURE_AUTORELEASING = YES;
				CLANG_WARN_BOOL_CONVERSION = YES;
				CLANG_WARN_COMMA = YES;
				CLANG_WARN_CONSTANT_CONVERSION = YES;
				CLANG_WARN_DEPRECATED_OBJC_IMPLEMENTATIONS = YES;
				CLANG_WARN_DIRECT_OBJC_ISA_USAGE = YES_ERROR;
				CLANG_WARN_DOCUMENTATION_COMMENTS = YES;
				CLANG_WARN_EMPTY_BODY = YES;
				CLANG_WARN_ENUM_CONVERSION = YES;
				CLANG_WARN_INFINITE_RECURSION = YES;
				CLANG_WARN_INT_CONVERSION = YES;
				CLANG_WARN_NON_LITERAL_NULL_CONVERSION = YES;
				CLANG_WARN_OBJC_IMPLICIT_RETAIN_SELF = YES;
				CLANG_WARN_OBJC_LITERAL_CONVERSION = YES;
				CLANG_WARN_OBJC_ROOT_CLASS = YES_ERROR;
				CLANG_WARN_QUOTED_INCLUDE_IN_FRAMEWORK_HEADER = YES;
				CLANG_WARN_RANGE_LOOP_ANALYSIS = YES;
				CLANG_WARN_STRICT_PROTOTYPES = YES;
				CLANG_WARN_SUSPICIOUS_MOVE = YES;
				CLANG_WARN_UNGUARDED_AVAILABILITY = YES_AGGRESSIVE;
				CLANG_WARN_UNREACHABLE_CODE = YES;
				CLANG_WARN__DUPLICATE_METHOD_MATCH = YES;
				COPY_PHASE_STRIP = NO;
				DEBUG_INFORMATION_FORMAT = "dwarf-with-dsym";
				ENABLE_NS_ASSERTIONS = NO;
				ENABLE_STRICT_OBJC_MSGSEND = YES;
				GCC_C_LANGUAGE_STANDARD = gnu11;
				GCC_NO_COMMON_BLOCKS = YES;
				GCC_WARN_64_TO_32_BIT_CONVERSION = YES;
				GCC_WARN_ABOUT_RETURN_TYPE = YES_ERROR;
				GCC_WARN_UNDECLARED_SELECTOR = YES;
				GCC_WARN_UNINITIALIZED_AUTOS = YES_AGGRESSIVE;
				GCC_WARN_UNUSED_FUNCTION = YES;
				GCC_WARN_UNUSED_VARIABLE = YES;
				IPHONEOS_DEPLOYMENT_TARGET = 15.4;
				MTL_ENABLE_DEBUG_INFO = NO;
				MTL_FAST_MATH = YES;
				SDKROOT = iphoneos;
				SWIFT_COMPILATION_MODE = wholemodule;
				SWIFT_OPTIMIZATION_LEVEL = "-O";
				VALIDATE_PRODUCT = YES;
			};
			name = Release;
		};
		3FA01AEA28192CB900365F14 /* Debug */ = {
			isa = XCBuildConfiguration;
			buildSettings = {
				ASSETCATALOG_COMPILER_APPICON_NAME = AppIcon;
				ASSETCATALOG_COMPILER_GLOBAL_ACCENT_COLOR_NAME = AccentColor;
				CODE_SIGN_STYLE = Automatic;
				CURRENT_PROJECT_VERSION = 1;
				DEVELOPMENT_TEAM = AG9V5Z8VV5;
				GENERATE_INFOPLIST_FILE = YES;
				INFOPLIST_FILE = Asterisk/Info.plist;
				INFOPLIST_KEY_CFBundleDisplayName = Comparison;
				INFOPLIST_KEY_NSCameraUsageDescription = "Camera will be used for face recognition.";
				INFOPLIST_KEY_UIApplicationSupportsIndirectInputEvents = YES;
				INFOPLIST_KEY_UILaunchStoryboardName = LaunchScreen;
				INFOPLIST_KEY_UIMainStoryboardFile = Main;
				INFOPLIST_KEY_UIRequiredDeviceCapabilities = armv7;
				INFOPLIST_KEY_UISupportedInterfaceOrientations = UIInterfaceOrientationPortrait;
				INFOPLIST_KEY_UISupportedInterfaceOrientations_iPad = "UIInterfaceOrientationPortrait UIInterfaceOrientationPortraitUpsideDown UIInterfaceOrientationLandscapeLeft UIInterfaceOrientationLandscapeRight";
				INFOPLIST_KEY_UISupportedInterfaceOrientations_iPhone = "UIInterfaceOrientationPortrait UIInterfaceOrientationLandscapeLeft UIInterfaceOrientationLandscapeRight";
				LD_RUNPATH_SEARCH_PATHS = (
					"$(inherited)",
					"@executable_path/Frameworks",
				);
				MARKETING_VERSION = 1.0;
				PRODUCT_BUNDLE_IDENTIFIER = com.TeamAsterisk.Asterisk2;
				PRODUCT_NAME = "$(TARGET_NAME)";
				SWIFT_EMIT_LOC_STRINGS = YES;
				SWIFT_VERSION = 5.0;
				TARGETED_DEVICE_FAMILY = "1,2";
			};
			name = Debug;
		};
		3FA01AEB28192CB900365F14 /* Release */ = {
			isa = XCBuildConfiguration;
			buildSettings = {
				ASSETCATALOG_COMPILER_APPICON_NAME = AppIcon;
				ASSETCATALOG_COMPILER_GLOBAL_ACCENT_COLOR_NAME = AccentColor;
				CODE_SIGN_STYLE = Automatic;
				CURRENT_PROJECT_VERSION = 1;
				DEVELOPMENT_TEAM = AG9V5Z8VV5;
				GENERATE_INFOPLIST_FILE = YES;
				INFOPLIST_FILE = Asterisk/Info.plist;
				INFOPLIST_KEY_CFBundleDisplayName = Comparison;
				INFOPLIST_KEY_NSCameraUsageDescription = "Camera will be used for face recognition.";
				INFOPLIST_KEY_UIApplicationSupportsIndirectInputEvents = YES;
				INFOPLIST_KEY_UILaunchStoryboardName = LaunchScreen;
				INFOPLIST_KEY_UIMainStoryboardFile = Main;
				INFOPLIST_KEY_UIRequiredDeviceCapabilities = armv7;
				INFOPLIST_KEY_UISupportedInterfaceOrientations = UIInterfaceOrientationPortrait;
				INFOPLIST_KEY_UISupportedInterfaceOrientations_iPad = "UIInterfaceOrientationPortrait UIInterfaceOrientationPortraitUpsideDown UIInterfaceOrientationLandscapeLeft UIInterfaceOrientationLandscapeRight";
				INFOPLIST_KEY_UISupportedInterfaceOrientations_iPhone = "UIInterfaceOrientationPortrait UIInterfaceOrientationLandscapeLeft UIInterfaceOrientationLandscapeRight";
				LD_RUNPATH_SEARCH_PATHS = (
					"$(inherited)",
					"@executable_path/Frameworks",
				);
				MARKETING_VERSION = 1.0;
				PRODUCT_BUNDLE_IDENTIFIER = com.TeamAsterisk.Asterisk2;
				PRODUCT_NAME = "$(TARGET_NAME)";
				SWIFT_EMIT_LOC_STRINGS = YES;
				SWIFT_VERSION = 5.0;
				TARGETED_DEVICE_FAMILY = "1,2";
			};
			name = Release;
		};
/* End XCBuildConfiguration section */

/* Begin XCConfigurationList section */
		3FA01AD028192CB700365F14 /* Build configuration list for PBXProject "Asterisk" */ = {
			isa = XCConfigurationList;
			buildConfigurations = (
				3FA01AE728192CB900365F14 /* Debug */,
				3FA01AE828192CB900365F14 /* Release */,
			);
			defaultConfigurationIsVisible = 0;
			defaultConfigurationName = Release;
		};
		3FA01AE928192CB900365F14 /* Build configuration list for PBXNativeTarget "Asterisk" */ = {
			isa = XCConfigurationList;
			buildConfigurations = (
				3FA01AEA28192CB900365F14 /* Debug */,
				3FA01AEB28192CB900365F14 /* Release */,
			);
			defaultConfigurationIsVisible = 0;
			defaultConfigurationName = Release;
		};
/* End XCConfigurationList section */
	};
	rootObject = 3FA01ACD28192CB700365F14 /* Project object */;
}
